
Microsoft Visual Studio Solution File, Format Version 12.00
# Visual Studio Version 17
VisualStudioVersion = 17.10.35013.160
MinimumVisualStudioVersion = 10.0.40219.1
Project("{9A19103F-16F7-4668-BE54-9A1E7A4F7556}") = "CRM.Domain", "CRM.Domain\CRM.Domain.csproj", "{1968836F-45FF-448E-BADE-72E2C3471974}"
EndProject
Project("{9A19103F-16F7-4668-BE54-9A1E7A4F7556}") = "CRM.Infrastructure", "CRM.Infrastructure\CRM.Infrastructure.csproj", "{7E815AFA-A3D6-476B-812A-CACE6EBD44EC}"
EndProject
Project("{9A19103F-16F7-4668-BE54-9A1E7A4F7556}") = "CRM.Application", "CRM.Application\CRM.Application.csproj", "{7AC533D8-BB3E-499B-89BB-DB3325EE478F}"
EndProject
Project("{9A19103F-16F7-4668-BE54-9A1E7A4F7556}") = "CRM.CrossCutting", "CRM.CrossCutting\CRM.CrossCutting.csproj", "{3E23AB16-C25A-4559-9801-4B29FCF827CD}"
EndProject
Project("{9A19103F-16F7-4668-BE54-9A1E7A4F7556}") = "CRM.API.BEND", "CRM.API.BEND\CRM.API.BEND.csproj", "{46E66AF8-329E-4562-8215-70B5CF415812}"
EndProject
Project("{9A19103F-16F7-4668-BE54-9A1E7A4F7556}") = "CRM.WebApp.Ingresso", "CRM.WebApp.Ingresso\CRM.WebApp.Ingresso.csproj", "{C0E04A2D-0A4F-4FBE-BDBE-D131CF338E26}"
EndProject
Project("{9A19103F-16F7-4668-BE54-9A1E7A4F7556}") = "CRM.WebApp.Site", "CRM.WebApp.Site\CRM.WebApp.Site.csproj", "{57BBD29C-3689-4B0E-A406-3BA89CB19DA1}"
EndProject
Project("{FAE04EC0-301F-11D3-BF4B-00C04F79EFBC}") = "CRM.API.AUTH", "CRM.API.AUTH\CRM.API.AUTH.csproj", "{483217B4-B649-42E1-921C-280CB20949A5}"
EndProject
Global
	GlobalSection(SolutionConfigurationPlatforms) = preSolution
		Debug|Any CPU = Debug|Any CPU
		Release|Any CPU = Release|Any CPU
	EndGlobalSection
	GlobalSection(ProjectConfigurationPlatforms) = postSolution
		{1968836F-45FF-448E-BADE-72E2C3471974}.Debug|Any CPU.ActiveCfg = Debug|Any CPU
		{1968836F-45FF-448E-BADE-72E2C3471974}.Debug|Any CPU.Build.0 = Debug|Any CPU
		{1968836F-45FF-448E-BADE-72E2C3471974}.Release|Any CPU.ActiveCfg = Release|Any CPU
		{1968836F-45FF-448E-BADE-72E2C3471974}.Release|Any CPU.Build.0 = Release|Any CPU
		{7E815AFA-A3D6-476B-812A-CACE6EBD44EC}.Debug|Any CPU.ActiveCfg = Debug|Any CPU
		{7E815AFA-A3D6-476B-812A-CACE6EBD44EC}.Debug|Any CPU.Build.0 = Debug|Any CPU
		{7E815AFA-A3D6-476B-812A-CACE6EBD44EC}.Release|Any CPU.ActiveCfg = Release|Any CPU
		{7E815AFA-A3D6-476B-812A-CACE6EBD44EC}.Release|Any CPU.Build.0 = Release|Any CPU
		{7AC533D8-BB3E-499B-89BB-DB3325EE478F}.Debug|Any CPU.ActiveCfg = Debug|Any CPU
		{7AC533D8-BB3E-499B-89BB-DB3325EE478F}.Debug|Any CPU.Build.0 = Debug|Any CPU
		{7AC533D8-BB3E-499B-89BB-DB3325EE478F}.Release|Any CPU.ActiveCfg = Release|Any CPU
		{7AC533D8-BB3E-499B-89BB-DB3325EE478F}.Release|Any CPU.Build.0 = Release|Any CPU
		{3E23AB16-C25A-4559-9801-4B29FCF827CD}.Debug|Any CPU.ActiveCfg = Debug|Any CPU
		{3E23AB16-C25A-4559-9801-4B29FCF827CD}.Debug|Any CPU.Build.0 = Debug|Any CPU
		{3E23AB16-C25A-4559-9801-4B29FCF827CD}.Release|Any CPU.ActiveCfg = Release|Any CPU
		{3E23AB16-C25A-4559-9801-4B29FCF827CD}.Release|Any CPU.Build.0 = Release|Any CPU
		{46E66AF8-329E-4562-8215-70B5CF415812}.Debug|Any CPU.ActiveCfg = Debug|Any CPU
		{46E66AF8-329E-4562-8215-70B5CF415812}.Debug|Any CPU.Build.0 = Debug|Any CPU
		{46E66AF8-329E-4562-8215-70B5CF415812}.Release|Any CPU.ActiveCfg = Release|Any CPU
		{46E66AF8-329E-4562-8215-70B5CF415812}.Release|Any CPU.Build.0 = Release|Any CPU
		{C0E04A2D-0A4F-4FBE-BDBE-D131CF338E26}.Debug|Any CPU.ActiveCfg = Debug|Any CPU
		{C0E04A2D-0A4F-4FBE-BDBE-D131CF338E26}.Debug|Any CPU.Build.0 = Debug|Any CPU
		{C0E04A2D-0A4F-4FBE-BDBE-D131CF338E26}.Release|Any CPU.ActiveCfg = Release|Any CPU
		{C0E04A2D-0A4F-4FBE-BDBE-D131CF338E26}.Release|Any CPU.Build.0 = Release|Any CPU
		{57BBD29C-3689-4B0E-A406-3BA89CB19DA1}.Debug|Any CPU.ActiveCfg = Debug|Any CPU
		{57BBD29C-3689-4B0E-A406-3BA89CB19DA1}.Debug|Any CPU.Build.0 = Debug|Any CPU
		{57BBD29C-3689-4B0E-A406-3BA89CB19DA1}.Release|Any CPU.ActiveCfg = Release|Any CPU
		{57BBD29C-3689-4B0E-A406-3BA89CB19DA1}.Release|Any CPU.Build.0 = Release|Any CPU
		{483217B4-B649-42E1-921C-280CB20949A5}.Debug|Any CPU.ActiveCfg = Debug|Any CPU
		{483217B4-B649-42E1-921C-280CB20949A5}.Debug|Any CPU.Build.0 = Debug|Any CPU
		{483217B4-B649-42E1-921C-280CB20949A5}.Release|Any CPU.ActiveCfg = Release|Any CPU
		{483217B4-B649-42E1-921C-280CB20949A5}.Release|Any CPU.Build.0 = Release|Any CPU
	EndGlobalSection
	GlobalSection(SolutionProperties) = preSolution
		HideSolutionNode = FALSE
	EndGlobalSection
	GlobalSection(ExtensibilityGlobals) = postSolution
		SolutionGuid = {76B4FCD7-FF8A-484F-8885-3A5264FFCCF8}
	EndGlobalSection
EndGlobal
